PODS:
  - CapacitorCordova (1.2.1)

DEPENDENCIES:
  - CapacitorCordova (from `../../`)

EXTERNAL SOURCES:
  CapacitorCordova:
    :path: "../../"

SPEC CHECKSUMS:
  CapacitorCordova: 806e405d02de22c10a9b20a2ee4fb3f097cfb8a5

PODFILE CHECKSUM: dde0b7cf2ee7affd4ef5a207f54bd6e4021ab7b7

COCOAPODS: 1.7.5
